
Microsoft Visual Studio Solution File, Format Version 12.00
# Visual Studio Version 17
VisualStudioVersion = 17.6.33829.357
MinimumVisualStudioVersion = 10.0.40219.1
Project("{2150E333-8FDC-42A3-9474-1A3956D46DE8}") = "N2", "N2", "{005D4568-03F6-4C8A-A679-C2F1C966D3EF}"
EndProject
Project("{2150E333-8FDC-42A3-9474-1A3956D46DE8}") = "hometask 1", "hometask 1", "{A7F83B71-FFF6-45DC-826E-B99BE1C19CD6}"
EndProject
Project("{9A19103F-16F7-4668-BE54-9A1E7A4F7556}") = "hometask 1", "hometask 1\hometask 1.csproj", "{826F1AF4-B971-424B-893A-C8DDB82C6D1C}"
EndProject
Project("{2150E333-8FDC-42A3-9474-1A3956D46DE8}") = "N6 project", "N6 project", "{8EE392F0-873E-4510-8FE2-8954DDD3B001}"
EndProject
Project("{2150E333-8FDC-42A3-9474-1A3956D46DE8}") = "TASK", "TASK", "{DDB3B984-D2CA-4577-9203-DA113779C840}"
EndProject
Project("{9A19103F-16F7-4668-BE54-9A1E7A4F7556}") = "LESSON", "LESSON\LESSON.csproj", "{121693E1-1FD2-41C4-84D1-0F6B323AF233}"
EndProject
Project("{9A19103F-16F7-4668-BE54-9A1E7A4F7556}") = "LessonTask", "LessonTask\LessonTask.csproj", "{261CDC1D-B8EB-4670-9C7B-480917021D42}"
EndProject
Project("{9A19103F-16F7-4668-BE54-9A1E7A4F7556}") = "hometask 2", "hometask 2\hometask 2.csproj", "{315DB7CD-4D2F-4F4E-914F-436EC16CC7EF}"
EndProject
Project("{9A19103F-16F7-4668-BE54-9A1E7A4F7556}") = "Hometask 3", "Hometask 3\Hometask 3.csproj", "{FD66B46C-8E2D-478D-BE93-128DD2F91EB6}"
EndProject
Project("{2150E333-8FDC-42A3-9474-1A3956D46DE8}") = "N3", "N3", "{D40A45D2-6F3E-406C-B619-0BC50A2C6269}"
EndProject
Project("{9A19103F-16F7-4668-BE54-9A1E7A4F7556}") = "Pasword Generator Home Task", "Home Task\Pasword Generator Home Task.csproj", "{04901DA0-D064-46D5-9C9A-04DDA0DEC80F}"
EndProject
Project("{2150E333-8FDC-42A3-9474-1A3956D46DE8}") = "N7", "N7", "{0908074D-A58C-47DF-948C-2E7098C379F2}"
EndProject
Project("{9A19103F-16F7-4668-BE54-9A1E7A4F7556}") = "Lesson Task1", "Lesson Task1\Lesson Task1.csproj", "{44DBAFE9-A98B-488B-ACC8-C963F6090B78}"
EndProject
Project("{9A19103F-16F7-4668-BE54-9A1E7A4F7556}") = "Lesson task 2", "Lesson task 2\Lesson task 2.csproj", "{E57D16F8-D0CC-4664-83B1-5615EF1FC14F}"
EndProject
Project("{9A19103F-16F7-4668-BE54-9A1E7A4F7556}") = "lesson task3", "lesson task3\lesson task3.csproj", "{29FB434F-0CE9-4192-BD82-B739E1E3FA84}"
EndProject
Project("{2150E333-8FDC-42A3-9474-1A3956D46DE8}") = "N8", "N8", "{6AA9EED1-3234-4708-A0DF-C220A2DB4DCB}"
EndProject
Project("{2150E333-8FDC-42A3-9474-1A3956D46DE8}") = "LessonTasks", "LessonTasks", "{7B6F21CA-593F-45B6-899E-BF7A6F026C93}"
EndProject
Project("{9A19103F-16F7-4668-BE54-9A1E7A4F7556}") = "hometask1", "hometask1\hometask1.csproj", "{2908FB7C-6059-408F-9014-1D991A51440F}"
EndProject
Project("{2150E333-8FDC-42A3-9474-1A3956D46DE8}") = "N9", "N9", "{E1940514-02B5-4DA3-9CA4-04D6BCE7C8C6}"
EndProject
Project("{9A19103F-16F7-4668-BE54-9A1E7A4F7556}") = "lesson task 1", "lesson task 1\lesson task 1.csproj", "{3B177959-4EA2-486B-8DA2-222DF1F9E663}"
EndProject
Project("{9A19103F-16F7-4668-BE54-9A1E7A4F7556}") = "lesson task2", "lesson task2\lesson task2.csproj", "{BCE1ADD1-5DCF-460C-B75B-E68C00824529}"
EndProject
Project("{9A19103F-16F7-4668-BE54-9A1E7A4F7556}") = "EmailCheker Homettask 2", "Homettask 2\EmailCheker Homettask 2.csproj", "{30F7FF5A-2595-417F-9657-CD4705D00B34}"
EndProject
Project("{2150E333-8FDC-42A3-9474-1A3956D46DE8}") = "N4", "N4", "{C2C2AB61-428F-415F-80A0-CA2562CEFB4D}"
EndProject
Project("{9A19103F-16F7-4668-BE54-9A1E7A4F7556}") = "Essay analize Hometask", "Essay analize Hometask\Essay analize Hometask.csproj", "{9D3C59BB-BCEF-4077-B6D6-C3E66E8D2E92}"
EndProject
Project("{9A19103F-16F7-4668-BE54-9A1E7A4F7556}") = "Username generator", "Username generator\Username generator.csproj", "{91516009-27DB-41C2-9EB1-270C2574D2A5}"
EndProject
Project("{2150E333-8FDC-42A3-9474-1A3956D46DE8}") = "N5", "N5", "{9944FE22-3B54-425B-A43B-44EAAB0D422C}"
EndProject
Project("{9A19103F-16F7-4668-BE54-9A1E7A4F7556}") = "Test dasturi", "Test dasturi\Test dasturi.csproj", "{B4945EF4-AD1E-464C-8249-C5C382BC2D5C}"
EndProject
Project("{2150E333-8FDC-42A3-9474-1A3956D46DE8}") = "N11", "N11", "{A4420EF3-D7C7-4ACF-A38D-2ADC850B31BE}"
EndProject
Project("{9A19103F-16F7-4668-BE54-9A1E7A4F7556}") = "EssayAnolither in object", "EssayAnolither in object\EssayAnolither in object.csproj", "{D0AA2AFC-9EEE-4C6E-A232-C14AA5BCF89F}"
EndProject
Project("{2150E333-8FDC-42A3-9474-1A3956D46DE8}") = "N10", "N10", "{7FF5803E-E83F-4438-A5CB-BEAB1E9F8993}"
EndProject
Project("{9A19103F-16F7-4668-BE54-9A1E7A4F7556}") = "Library management HT", "Foydalanuvchi dasturi\Library management HT.csproj", "{BD1B64CB-5E8E-4B3E-8EFB-50F8FCE5F99D}"
EndProject
Project("{2150E333-8FDC-42A3-9474-1A3956D46DE8}") = "N12", "N12", "{75184C86-07B9-4E27-8E2A-17992D04AE12}"
EndProject
Project("{9A19103F-16F7-4668-BE54-9A1E7A4F7556}") = "CARS", "CARS\CARS.csproj", "{2827313B-3FE7-49D1-B1AB-D45192924662}"
EndProject
Project("{9A19103F-16F7-4668-BE54-9A1E7A4F7556}") = "User", "USER\User.csproj", "{A0A8BAFF-9CC8-474E-8649-5F36C1C6D040}"
EndProject
Project("{9A19103F-16F7-4668-BE54-9A1E7A4F7556}") = "Films", "Films\Films.csproj", "{36AC00DB-16F2-415C-BEF7-ACC16C49BC60}"
EndProject
Project("{9A19103F-16F7-4668-BE54-9A1E7A4F7556}") = "USER HT", "User HT\USER HT.csproj", "{1D475C14-4AA7-420B-9875-BF6036F5FA4C}"
EndProject
Project("{2150E333-8FDC-42A3-9474-1A3956D46DE8}") = "N13", "N13", "{003924DC-3308-4590-BA92-6080E42F4975}"
EndProject
Project("{9A19103F-16F7-4668-BE54-9A1E7A4F7556}") = "HERO", "HERO\HERO.csproj", "{ADC30FE2-B155-4DB4-AE3B-B1A54B4C90D8}"
EndProject
Project("{9A19103F-16F7-4668-BE54-9A1E7A4F7556}") = "EventManager", "EventManager\EventManager.csproj", "{DA1366BB-215B-4E48-ACB9-B59547B94B8E}"
EndProject
Project("{9A19103F-16F7-4668-BE54-9A1E7A4F7556}") = "Email HT", "Email HT\Email HT.csproj", "{6B3DA510-D557-4399-B259-370DCD6715AE}"
EndProject
Project("{9A19103F-16F7-4668-BE54-9A1E7A4F7556}") = "PasswordGenerator HT", "Animal HT\PasswordGenerator HT.csproj", "{B7DA3CE3-A6B3-47C0-865A-DD35A915ACA0}"
EndProject
Project("{9A19103F-16F7-4668-BE54-9A1E7A4F7556}") = "bankAccount", "bankAccount\bankAccount.csproj", "{6023B5E5-7B76-43A2-8F98-7060DBF63980}"
EndProject
Project("{2150E333-8FDC-42A3-9474-1A3956D46DE8}") = "N14", "N14", "{47CBC372-047B-4CA1-B9FD-7FE63BAC8BF2}"
EndProject
Project("{9A19103F-16F7-4668-BE54-9A1E7A4F7556}") = "Animal", "Animal\Animal.csproj", "{F19BE527-858D-4A05-9849-385318BCF861}"
EndProject
Project("{9A19103F-16F7-4668-BE54-9A1E7A4F7556}") = "Planner", "Planner\Planner.csproj", "{22449B00-2A60-4A59-8238-630D9BA791D7}"
EndProject
Project("{9A19103F-16F7-4668-BE54-9A1E7A4F7556}") = "PasswordGenerate", "PasswordGenerate\PasswordGenerate.csproj", "{2D485F0D-60CB-4491-91CA-F581FC6DA73A}"
EndProject
Project("{2150E333-8FDC-42A3-9474-1A3956D46DE8}") = "N15", "N15", "{C2B0BE45-EC0A-4A2C-B357-BF53EE699175}"
EndProject
Project("{9A19103F-16F7-4668-BE54-9A1E7A4F7556}") = "Triangle Task", "ConsoleApp1\Triangle Task.csproj", "{E622758E-FFF7-467E-8A8A-780DA9E8F273}"
EndProject
Project("{9A19103F-16F7-4668-BE54-9A1E7A4F7556}") = "Animal HT1", "Animal HT1\Animal HT1.csproj", "{C85D083F-E6DA-44CD-AA1B-53463B3054AA}"
EndProject
Project("{9A19103F-16F7-4668-BE54-9A1E7A4F7556}") = "PERSON", "PERSON\PERSON.csproj", "{8ECCE6CE-8C8E-4A92-88CB-618CC135B4F5}"
EndProject
Project("{9A19103F-16F7-4668-BE54-9A1E7A4F7556}") = "Rectangle", "Rectangle\Rectangle.csproj", "{02E50D48-6E00-47AC-A86C-1AC486C11D57}"
EndProject
Project("{9A19103F-16F7-4668-BE54-9A1E7A4F7556}") = "Shopping Cart HT", "Shopping Cart HT\Shopping Cart HT.csproj", "{6C8CCDB8-F000-4E3B-AD11-0E568115F4AF}"
EndProject
Project("{9A19103F-16F7-4668-BE54-9A1E7A4F7556}") = "Lesson T", "Lesson T\Lesson T.csproj", "{440A620A-AF7E-43D0-B0C0-DB826A825E10}"
EndProject
Project("{9A19103F-16F7-4668-BE54-9A1E7A4F7556}") = "Email Address HT", "Email Address HT\Email Address HT.csproj", "{54CA2259-7B31-4A30-87EB-672EC3CE5C58}"
EndProject
Project("{9A19103F-16F7-4668-BE54-9A1E7A4F7556}") = "Events HT", "Events HT\Events HT.csproj", "{4555E342-D035-4067-AC42-8C138DE6E899}"
EndProject
Project("{9A19103F-16F7-4668-BE54-9A1E7A4F7556}") = "User T", "User T\User T.csproj", "{8CB0CEA3-3105-47F5-B915-6436CEC8B469}"
EndProject
Project("{2150E333-8FDC-42A3-9474-1A3956D46DE8}") = "N16", "N16", "{B405A835-4310-4C6A-9319-227296F70C79}"
EndProject
Project("{FAE04EC0-301F-11D3-BF4B-00C04F79EFBC}") = "SmartHomeService HT", "SmartHomeService HT\SmartHomeService HT.csproj", "{1DA6EDA4-2833-4233-888A-73E27753EFA0}"
EndProject
Project("{FAE04EC0-301F-11D3-BF4B-00C04F79EFBC}") = "Spaceship HT", "Spaceship HT\Spaceship HT.csproj", "{B559766B-4F77-4BD5-A6EF-55D660A961AA}"
EndProject
Global
	GlobalSection(SolutionConfigurationPlatforms) = preSolution
		Debug|Any CPU = Debug|Any CPU
		Release|Any CPU = Release|Any CPU
	EndGlobalSection
	GlobalSection(ProjectConfigurationPlatforms) = postSolution
		{826F1AF4-B971-424B-893A-C8DDB82C6D1C}.Debug|Any CPU.ActiveCfg = Debug|Any CPU
		{826F1AF4-B971-424B-893A-C8DDB82C6D1C}.Debug|Any CPU.Build.0 = Debug|Any CPU
		{826F1AF4-B971-424B-893A-C8DDB82C6D1C}.Release|Any CPU.ActiveCfg = Release|Any CPU
		{826F1AF4-B971-424B-893A-C8DDB82C6D1C}.Release|Any CPU.Build.0 = Release|Any CPU
		{121693E1-1FD2-41C4-84D1-0F6B323AF233}.Debug|Any CPU.ActiveCfg = Debug|Any CPU
		{121693E1-1FD2-41C4-84D1-0F6B323AF233}.Debug|Any CPU.Build.0 = Debug|Any CPU
		{121693E1-1FD2-41C4-84D1-0F6B323AF233}.Release|Any CPU.ActiveCfg = Release|Any CPU
		{121693E1-1FD2-41C4-84D1-0F6B323AF233}.Release|Any CPU.Build.0 = Release|Any CPU
		{261CDC1D-B8EB-4670-9C7B-480917021D42}.Debug|Any CPU.ActiveCfg = Debug|Any CPU
		{261CDC1D-B8EB-4670-9C7B-480917021D42}.Debug|Any CPU.Build.0 = Debug|Any CPU
		{261CDC1D-B8EB-4670-9C7B-480917021D42}.Release|Any CPU.ActiveCfg = Release|Any CPU
		{261CDC1D-B8EB-4670-9C7B-480917021D42}.Release|Any CPU.Build.0 = Release|Any CPU
		{315DB7CD-4D2F-4F4E-914F-436EC16CC7EF}.Debug|Any CPU.ActiveCfg = Debug|Any CPU
		{315DB7CD-4D2F-4F4E-914F-436EC16CC7EF}.Debug|Any CPU.Build.0 = Debug|Any CPU
		{315DB7CD-4D2F-4F4E-914F-436EC16CC7EF}.Release|Any CPU.ActiveCfg = Release|Any CPU
		{315DB7CD-4D2F-4F4E-914F-436EC16CC7EF}.Release|Any CPU.Build.0 = Release|Any CPU
		{FD66B46C-8E2D-478D-BE93-128DD2F91EB6}.Debug|Any CPU.ActiveCfg = Debug|Any CPU
		{FD66B46C-8E2D-478D-BE93-128DD2F91EB6}.Debug|Any CPU.Build.0 = Debug|Any CPU
		{FD66B46C-8E2D-478D-BE93-128DD2F91EB6}.Release|Any CPU.ActiveCfg = Release|Any CPU
		{FD66B46C-8E2D-478D-BE93-128DD2F91EB6}.Release|Any CPU.Build.0 = Release|Any CPU
		{04901DA0-D064-46D5-9C9A-04DDA0DEC80F}.Debug|Any CPU.ActiveCfg = Debug|Any CPU
		{04901DA0-D064-46D5-9C9A-04DDA0DEC80F}.Debug|Any CPU.Build.0 = Debug|Any CPU
		{04901DA0-D064-46D5-9C9A-04DDA0DEC80F}.Release|Any CPU.ActiveCfg = Release|Any CPU
		{04901DA0-D064-46D5-9C9A-04DDA0DEC80F}.Release|Any CPU.Build.0 = Release|Any CPU
		{44DBAFE9-A98B-488B-ACC8-C963F6090B78}.Debug|Any CPU.ActiveCfg = Debug|Any CPU
		{44DBAFE9-A98B-488B-ACC8-C963F6090B78}.Debug|Any CPU.Build.0 = Debug|Any CPU
		{44DBAFE9-A98B-488B-ACC8-C963F6090B78}.Release|Any CPU.ActiveCfg = Release|Any CPU
		{44DBAFE9-A98B-488B-ACC8-C963F6090B78}.Release|Any CPU.Build.0 = Release|Any CPU
		{E57D16F8-D0CC-4664-83B1-5615EF1FC14F}.Debug|Any CPU.ActiveCfg = Debug|Any CPU
		{E57D16F8-D0CC-4664-83B1-5615EF1FC14F}.Debug|Any CPU.Build.0 = Debug|Any CPU
		{E57D16F8-D0CC-4664-83B1-5615EF1FC14F}.Release|Any CPU.ActiveCfg = Release|Any CPU
		{E57D16F8-D0CC-4664-83B1-5615EF1FC14F}.Release|Any CPU.Build.0 = Release|Any CPU
		{29FB434F-0CE9-4192-BD82-B739E1E3FA84}.Debug|Any CPU.ActiveCfg = Debug|Any CPU
		{29FB434F-0CE9-4192-BD82-B739E1E3FA84}.Debug|Any CPU.Build.0 = Debug|Any CPU
		{29FB434F-0CE9-4192-BD82-B739E1E3FA84}.Release|Any CPU.ActiveCfg = Release|Any CPU
		{29FB434F-0CE9-4192-BD82-B739E1E3FA84}.Release|Any CPU.Build.0 = Release|Any CPU
		{2908FB7C-6059-408F-9014-1D991A51440F}.Debug|Any CPU.ActiveCfg = Debug|Any CPU
		{2908FB7C-6059-408F-9014-1D991A51440F}.Debug|Any CPU.Build.0 = Debug|Any CPU
		{2908FB7C-6059-408F-9014-1D991A51440F}.Release|Any CPU.ActiveCfg = Release|Any CPU
		{2908FB7C-6059-408F-9014-1D991A51440F}.Release|Any CPU.Build.0 = Release|Any CPU
		{3B177959-4EA2-486B-8DA2-222DF1F9E663}.Debug|Any CPU.ActiveCfg = Debug|Any CPU
		{3B177959-4EA2-486B-8DA2-222DF1F9E663}.Debug|Any CPU.Build.0 = Debug|Any CPU
		{3B177959-4EA2-486B-8DA2-222DF1F9E663}.Release|Any CPU.ActiveCfg = Release|Any CPU
		{3B177959-4EA2-486B-8DA2-222DF1F9E663}.Release|Any CPU.Build.0 = Release|Any CPU
		{BCE1ADD1-5DCF-460C-B75B-E68C00824529}.Debug|Any CPU.ActiveCfg = Debug|Any CPU
		{BCE1ADD1-5DCF-460C-B75B-E68C00824529}.Debug|Any CPU.Build.0 = Debug|Any CPU
		{BCE1ADD1-5DCF-460C-B75B-E68C00824529}.Release|Any CPU.ActiveCfg = Release|Any CPU
		{BCE1ADD1-5DCF-460C-B75B-E68C00824529}.Release|Any CPU.Build.0 = Release|Any CPU
		{30F7FF5A-2595-417F-9657-CD4705D00B34}.Debug|Any CPU.ActiveCfg = Debug|Any CPU
		{30F7FF5A-2595-417F-9657-CD4705D00B34}.Debug|Any CPU.Build.0 = Debug|Any CPU
		{30F7FF5A-2595-417F-9657-CD4705D00B34}.Release|Any CPU.ActiveCfg = Release|Any CPU
		{30F7FF5A-2595-417F-9657-CD4705D00B34}.Release|Any CPU.Build.0 = Release|Any CPU
		{9D3C59BB-BCEF-4077-B6D6-C3E66E8D2E92}.Debug|Any CPU.ActiveCfg = Debug|Any CPU
		{9D3C59BB-BCEF-4077-B6D6-C3E66E8D2E92}.Debug|Any CPU.Build.0 = Debug|Any CPU
		{9D3C59BB-BCEF-4077-B6D6-C3E66E8D2E92}.Release|Any CPU.ActiveCfg = Release|Any CPU
		{9D3C59BB-BCEF-4077-B6D6-C3E66E8D2E92}.Release|Any CPU.Build.0 = Release|Any CPU
		{91516009-27DB-41C2-9EB1-270C2574D2A5}.Debug|Any CPU.ActiveCfg = Debug|Any CPU
		{91516009-27DB-41C2-9EB1-270C2574D2A5}.Debug|Any CPU.Build.0 = Debug|Any CPU
		{91516009-27DB-41C2-9EB1-270C2574D2A5}.Release|Any CPU.ActiveCfg = Release|Any CPU
		{91516009-27DB-41C2-9EB1-270C2574D2A5}.Release|Any CPU.Build.0 = Release|Any CPU
		{B4945EF4-AD1E-464C-8249-C5C382BC2D5C}.Debug|Any CPU.ActiveCfg = Debug|Any CPU
		{B4945EF4-AD1E-464C-8249-C5C382BC2D5C}.Debug|Any CPU.Build.0 = Debug|Any CPU
		{B4945EF4-AD1E-464C-8249-C5C382BC2D5C}.Release|Any CPU.ActiveCfg = Release|Any CPU
		{B4945EF4-AD1E-464C-8249-C5C382BC2D5C}.Release|Any CPU.Build.0 = Release|Any CPU
		{D0AA2AFC-9EEE-4C6E-A232-C14AA5BCF89F}.Debug|Any CPU.ActiveCfg = Debug|Any CPU
		{D0AA2AFC-9EEE-4C6E-A232-C14AA5BCF89F}.Debug|Any CPU.Build.0 = Debug|Any CPU
		{D0AA2AFC-9EEE-4C6E-A232-C14AA5BCF89F}.Release|Any CPU.ActiveCfg = Release|Any CPU
		{D0AA2AFC-9EEE-4C6E-A232-C14AA5BCF89F}.Release|Any CPU.Build.0 = Release|Any CPU
		{BD1B64CB-5E8E-4B3E-8EFB-50F8FCE5F99D}.Debug|Any CPU.ActiveCfg = Debug|Any CPU
		{BD1B64CB-5E8E-4B3E-8EFB-50F8FCE5F99D}.Debug|Any CPU.Build.0 = Debug|Any CPU
		{BD1B64CB-5E8E-4B3E-8EFB-50F8FCE5F99D}.Release|Any CPU.ActiveCfg = Release|Any CPU
		{BD1B64CB-5E8E-4B3E-8EFB-50F8FCE5F99D}.Release|Any CPU.Build.0 = Release|Any CPU
		{2827313B-3FE7-49D1-B1AB-D45192924662}.Debug|Any CPU.ActiveCfg = Debug|Any CPU
		{2827313B-3FE7-49D1-B1AB-D45192924662}.Debug|Any CPU.Build.0 = Debug|Any CPU
		{2827313B-3FE7-49D1-B1AB-D45192924662}.Release|Any CPU.ActiveCfg = Release|Any CPU
		{2827313B-3FE7-49D1-B1AB-D45192924662}.Release|Any CPU.Build.0 = Release|Any CPU
		{A0A8BAFF-9CC8-474E-8649-5F36C1C6D040}.Debug|Any CPU.ActiveCfg = Debug|Any CPU
		{A0A8BAFF-9CC8-474E-8649-5F36C1C6D040}.Debug|Any CPU.Build.0 = Debug|Any CPU
		{A0A8BAFF-9CC8-474E-8649-5F36C1C6D040}.Release|Any CPU.ActiveCfg = Release|Any CPU
		{A0A8BAFF-9CC8-474E-8649-5F36C1C6D040}.Release|Any CPU.Build.0 = Release|Any CPU
		{36AC00DB-16F2-415C-BEF7-ACC16C49BC60}.Debug|Any CPU.ActiveCfg = Debug|Any CPU
		{36AC00DB-16F2-415C-BEF7-ACC16C49BC60}.Debug|Any CPU.Build.0 = Debug|Any CPU
		{36AC00DB-16F2-415C-BEF7-ACC16C49BC60}.Release|Any CPU.ActiveCfg = Release|Any CPU
		{36AC00DB-16F2-415C-BEF7-ACC16C49BC60}.Release|Any CPU.Build.0 = Release|Any CPU
		{1D475C14-4AA7-420B-9875-BF6036F5FA4C}.Debug|Any CPU.ActiveCfg = Debug|Any CPU
		{1D475C14-4AA7-420B-9875-BF6036F5FA4C}.Debug|Any CPU.Build.0 = Debug|Any CPU
		{1D475C14-4AA7-420B-9875-BF6036F5FA4C}.Release|Any CPU.ActiveCfg = Release|Any CPU
		{1D475C14-4AA7-420B-9875-BF6036F5FA4C}.Release|Any CPU.Build.0 = Release|Any CPU
		{ADC30FE2-B155-4DB4-AE3B-B1A54B4C90D8}.Debug|Any CPU.ActiveCfg = Debug|Any CPU
		{ADC30FE2-B155-4DB4-AE3B-B1A54B4C90D8}.Debug|Any CPU.Build.0 = Debug|Any CPU
		{ADC30FE2-B155-4DB4-AE3B-B1A54B4C90D8}.Release|Any CPU.ActiveCfg = Release|Any CPU
		{ADC30FE2-B155-4DB4-AE3B-B1A54B4C90D8}.Release|Any CPU.Build.0 = Release|Any CPU
		{DA1366BB-215B-4E48-ACB9-B59547B94B8E}.Debug|Any CPU.ActiveCfg = Debug|Any CPU
		{DA1366BB-215B-4E48-ACB9-B59547B94B8E}.Debug|Any CPU.Build.0 = Debug|Any CPU
		{DA1366BB-215B-4E48-ACB9-B59547B94B8E}.Release|Any CPU.ActiveCfg = Release|Any CPU
		{DA1366BB-215B-4E48-ACB9-B59547B94B8E}.Release|Any CPU.Build.0 = Release|Any CPU
		{6B3DA510-D557-4399-B259-370DCD6715AE}.Debug|Any CPU.ActiveCfg = Debug|Any CPU
		{6B3DA510-D557-4399-B259-370DCD6715AE}.Debug|Any CPU.Build.0 = Debug|Any CPU
		{6B3DA510-D557-4399-B259-370DCD6715AE}.Release|Any CPU.ActiveCfg = Release|Any CPU
		{6B3DA510-D557-4399-B259-370DCD6715AE}.Release|Any CPU.Build.0 = Release|Any CPU
		{B7DA3CE3-A6B3-47C0-865A-DD35A915ACA0}.Debug|Any CPU.ActiveCfg = Debug|Any CPU
		{B7DA3CE3-A6B3-47C0-865A-DD35A915ACA0}.Debug|Any CPU.Build.0 = Debug|Any CPU
		{B7DA3CE3-A6B3-47C0-865A-DD35A915ACA0}.Release|Any CPU.ActiveCfg = Release|Any CPU
		{B7DA3CE3-A6B3-47C0-865A-DD35A915ACA0}.Release|Any CPU.Build.0 = Release|Any CPU
		{6023B5E5-7B76-43A2-8F98-7060DBF63980}.Debug|Any CPU.ActiveCfg = Debug|Any CPU
		{6023B5E5-7B76-43A2-8F98-7060DBF63980}.Debug|Any CPU.Build.0 = Debug|Any CPU
		{6023B5E5-7B76-43A2-8F98-7060DBF63980}.Release|Any CPU.ActiveCfg = Release|Any CPU
		{6023B5E5-7B76-43A2-8F98-7060DBF63980}.Release|Any CPU.Build.0 = Release|Any CPU
		{F19BE527-858D-4A05-9849-385318BCF861}.Debug|Any CPU.ActiveCfg = Debug|Any CPU
		{F19BE527-858D-4A05-9849-385318BCF861}.Debug|Any CPU.Build.0 = Debug|Any CPU
		{F19BE527-858D-4A05-9849-385318BCF861}.Release|Any CPU.ActiveCfg = Release|Any CPU
		{F19BE527-858D-4A05-9849-385318BCF861}.Release|Any CPU.Build.0 = Release|Any CPU
		{22449B00-2A60-4A59-8238-630D9BA791D7}.Debug|Any CPU.ActiveCfg = Debug|Any CPU
		{22449B00-2A60-4A59-8238-630D9BA791D7}.Debug|Any CPU.Build.0 = Debug|Any CPU
		{22449B00-2A60-4A59-8238-630D9BA791D7}.Release|Any CPU.ActiveCfg = Release|Any CPU
		{22449B00-2A60-4A59-8238-630D9BA791D7}.Release|Any CPU.Build.0 = Release|Any CPU
		{2D485F0D-60CB-4491-91CA-F581FC6DA73A}.Debug|Any CPU.ActiveCfg = Debug|Any CPU
		{2D485F0D-60CB-4491-91CA-F581FC6DA73A}.Debug|Any CPU.Build.0 = Debug|Any CPU
		{2D485F0D-60CB-4491-91CA-F581FC6DA73A}.Release|Any CPU.ActiveCfg = Release|Any CPU
		{2D485F0D-60CB-4491-91CA-F581FC6DA73A}.Release|Any CPU.Build.0 = Release|Any CPU
		{E622758E-FFF7-467E-8A8A-780DA9E8F273}.Debug|Any CPU.ActiveCfg = Debug|Any CPU
		{E622758E-FFF7-467E-8A8A-780DA9E8F273}.Debug|Any CPU.Build.0 = Debug|Any CPU
		{E622758E-FFF7-467E-8A8A-780DA9E8F273}.Release|Any CPU.ActiveCfg = Release|Any CPU
		{E622758E-FFF7-467E-8A8A-780DA9E8F273}.Release|Any CPU.Build.0 = Release|Any CPU
		{C85D083F-E6DA-44CD-AA1B-53463B3054AA}.Debug|Any CPU.ActiveCfg = Debug|Any CPU
		{C85D083F-E6DA-44CD-AA1B-53463B3054AA}.Debug|Any CPU.Build.0 = Debug|Any CPU
		{C85D083F-E6DA-44CD-AA1B-53463B3054AA}.Release|Any CPU.ActiveCfg = Release|Any CPU
		{C85D083F-E6DA-44CD-AA1B-53463B3054AA}.Release|Any CPU.Build.0 = Release|Any CPU
		{8ECCE6CE-8C8E-4A92-88CB-618CC135B4F5}.Debug|Any CPU.ActiveCfg = Debug|Any CPU
		{8ECCE6CE-8C8E-4A92-88CB-618CC135B4F5}.Debug|Any CPU.Build.0 = Debug|Any CPU
		{8ECCE6CE-8C8E-4A92-88CB-618CC135B4F5}.Release|Any CPU.ActiveCfg = Release|Any CPU
		{8ECCE6CE-8C8E-4A92-88CB-618CC135B4F5}.Release|Any CPU.Build.0 = Release|Any CPU
		{02E50D48-6E00-47AC-A86C-1AC486C11D57}.Debug|Any CPU.ActiveCfg = Debug|Any CPU
		{02E50D48-6E00-47AC-A86C-1AC486C11D57}.Debug|Any CPU.Build.0 = Debug|Any CPU
		{02E50D48-6E00-47AC-A86C-1AC486C11D57}.Release|Any CPU.ActiveCfg = Release|Any CPU
		{02E50D48-6E00-47AC-A86C-1AC486C11D57}.Release|Any CPU.Build.0 = Release|Any CPU
		{6C8CCDB8-F000-4E3B-AD11-0E568115F4AF}.Debug|Any CPU.ActiveCfg = Debug|Any CPU
		{6C8CCDB8-F000-4E3B-AD11-0E568115F4AF}.Debug|Any CPU.Build.0 = Debug|Any CPU
		{6C8CCDB8-F000-4E3B-AD11-0E568115F4AF}.Release|Any CPU.ActiveCfg = Release|Any CPU
		{6C8CCDB8-F000-4E3B-AD11-0E568115F4AF}.Release|Any CPU.Build.0 = Release|Any CPU
		{440A620A-AF7E-43D0-B0C0-DB826A825E10}.Debug|Any CPU.ActiveCfg = Debug|Any CPU
		{440A620A-AF7E-43D0-B0C0-DB826A825E10}.Debug|Any CPU.Build.0 = Debug|Any CPU
		{440A620A-AF7E-43D0-B0C0-DB826A825E10}.Release|Any CPU.ActiveCfg = Release|Any CPU
		{440A620A-AF7E-43D0-B0C0-DB826A825E10}.Release|Any CPU.Build.0 = Release|Any CPU
		{54CA2259-7B31-4A30-87EB-672EC3CE5C58}.Debug|Any CPU.ActiveCfg = Debug|Any CPU
		{54CA2259-7B31-4A30-87EB-672EC3CE5C58}.Debug|Any CPU.Build.0 = Debug|Any CPU
		{54CA2259-7B31-4A30-87EB-672EC3CE5C58}.Release|Any CPU.ActiveCfg = Release|Any CPU
		{54CA2259-7B31-4A30-87EB-672EC3CE5C58}.Release|Any CPU.Build.0 = Release|Any CPU
		{4555E342-D035-4067-AC42-8C138DE6E899}.Debug|Any CPU.ActiveCfg = Debug|Any CPU
		{4555E342-D035-4067-AC42-8C138DE6E899}.Debug|Any CPU.Build.0 = Debug|Any CPU
		{4555E342-D035-4067-AC42-8C138DE6E899}.Release|Any CPU.ActiveCfg = Release|Any CPU
		{4555E342-D035-4067-AC42-8C138DE6E899}.Release|Any CPU.Build.0 = Release|Any CPU
		{8CB0CEA3-3105-47F5-B915-6436CEC8B469}.Debug|Any CPU.ActiveCfg = Debug|Any CPU
		{8CB0CEA3-3105-47F5-B915-6436CEC8B469}.Debug|Any CPU.Build.0 = Debug|Any CPU
		{8CB0CEA3-3105-47F5-B915-6436CEC8B469}.Release|Any CPU.ActiveCfg = Release|Any CPU
		{8CB0CEA3-3105-47F5-B915-6436CEC8B469}.Release|Any CPU.Build.0 = Release|Any CPU
		{1DA6EDA4-2833-4233-888A-73E27753EFA0}.Debug|Any CPU.ActiveCfg = Debug|Any CPU
		{1DA6EDA4-2833-4233-888A-73E27753EFA0}.Debug|Any CPU.Build.0 = Debug|Any CPU
		{1DA6EDA4-2833-4233-888A-73E27753EFA0}.Release|Any CPU.ActiveCfg = Release|Any CPU
		{1DA6EDA4-2833-4233-888A-73E27753EFA0}.Release|Any CPU.Build.0 = Release|Any CPU
		{B559766B-4F77-4BD5-A6EF-55D660A961AA}.Debug|Any CPU.ActiveCfg = Debug|Any CPU
		{B559766B-4F77-4BD5-A6EF-55D660A961AA}.Debug|Any CPU.Build.0 = Debug|Any CPU
		{B559766B-4F77-4BD5-A6EF-55D660A961AA}.Release|Any CPU.ActiveCfg = Release|Any CPU
		{B559766B-4F77-4BD5-A6EF-55D660A961AA}.Release|Any CPU.Build.0 = Release|Any CPU
	EndGlobalSection
	GlobalSection(SolutionProperties) = preSolution
		HideSolutionNode = FALSE
	EndGlobalSection
	GlobalSection(NestedProjects) = preSolution
		{A7F83B71-FFF6-45DC-826E-B99BE1C19CD6} = {005D4568-03F6-4C8A-A679-C2F1C966D3EF}
		{826F1AF4-B971-424B-893A-C8DDB82C6D1C} = {A7F83B71-FFF6-45DC-826E-B99BE1C19CD6}
		{DDB3B984-D2CA-4577-9203-DA113779C840} = {8EE392F0-873E-4510-8FE2-8954DDD3B001}
		{121693E1-1FD2-41C4-84D1-0F6B323AF233} = {7B6F21CA-593F-45B6-899E-BF7A6F026C93}
		{261CDC1D-B8EB-4670-9C7B-480917021D42} = {DDB3B984-D2CA-4577-9203-DA113779C840}
		{315DB7CD-4D2F-4F4E-914F-436EC16CC7EF} = {A7F83B71-FFF6-45DC-826E-B99BE1C19CD6}
		{FD66B46C-8E2D-478D-BE93-128DD2F91EB6} = {A7F83B71-FFF6-45DC-826E-B99BE1C19CD6}
		{04901DA0-D064-46D5-9C9A-04DDA0DEC80F} = {D40A45D2-6F3E-406C-B619-0BC50A2C6269}
		{44DBAFE9-A98B-488B-ACC8-C963F6090B78} = {0908074D-A58C-47DF-948C-2E7098C379F2}
		{E57D16F8-D0CC-4664-83B1-5615EF1FC14F} = {0908074D-A58C-47DF-948C-2E7098C379F2}
		{29FB434F-0CE9-4192-BD82-B739E1E3FA84} = {0908074D-A58C-47DF-948C-2E7098C379F2}
		{2908FB7C-6059-408F-9014-1D991A51440F} = {6AA9EED1-3234-4708-A0DF-C220A2DB4DCB}
		{3B177959-4EA2-486B-8DA2-222DF1F9E663} = {E1940514-02B5-4DA3-9CA4-04D6BCE7C8C6}
		{BCE1ADD1-5DCF-460C-B75B-E68C00824529} = {E1940514-02B5-4DA3-9CA4-04D6BCE7C8C6}
		{30F7FF5A-2595-417F-9657-CD4705D00B34} = {D40A45D2-6F3E-406C-B619-0BC50A2C6269}
		{9D3C59BB-BCEF-4077-B6D6-C3E66E8D2E92} = {C2C2AB61-428F-415F-80A0-CA2562CEFB4D}
		{91516009-27DB-41C2-9EB1-270C2574D2A5} = {C2C2AB61-428F-415F-80A0-CA2562CEFB4D}
		{B4945EF4-AD1E-464C-8249-C5C382BC2D5C} = {9944FE22-3B54-425B-A43B-44EAAB0D422C}
		{D0AA2AFC-9EEE-4C6E-A232-C14AA5BCF89F} = {A4420EF3-D7C7-4ACF-A38D-2ADC850B31BE}
		{BD1B64CB-5E8E-4B3E-8EFB-50F8FCE5F99D} = {7FF5803E-E83F-4438-A5CB-BEAB1E9F8993}
		{2827313B-3FE7-49D1-B1AB-D45192924662} = {75184C86-07B9-4E27-8E2A-17992D04AE12}
		{A0A8BAFF-9CC8-474E-8649-5F36C1C6D040} = {75184C86-07B9-4E27-8E2A-17992D04AE12}
		{36AC00DB-16F2-415C-BEF7-ACC16C49BC60} = {75184C86-07B9-4E27-8E2A-17992D04AE12}
		{1D475C14-4AA7-420B-9875-BF6036F5FA4C} = {75184C86-07B9-4E27-8E2A-17992D04AE12}
		{ADC30FE2-B155-4DB4-AE3B-B1A54B4C90D8} = {003924DC-3308-4590-BA92-6080E42F4975}
		{DA1366BB-215B-4E48-ACB9-B59547B94B8E} = {003924DC-3308-4590-BA92-6080E42F4975}
		{6B3DA510-D557-4399-B259-370DCD6715AE} = {75184C86-07B9-4E27-8E2A-17992D04AE12}
		{B7DA3CE3-A6B3-47C0-865A-DD35A915ACA0} = {003924DC-3308-4590-BA92-6080E42F4975}
		{6023B5E5-7B76-43A2-8F98-7060DBF63980} = {003924DC-3308-4590-BA92-6080E42F4975}
		{F19BE527-858D-4A05-9849-385318BCF861} = {47CBC372-047B-4CA1-B9FD-7FE63BAC8BF2}
		{22449B00-2A60-4A59-8238-630D9BA791D7} = {47CBC372-047B-4CA1-B9FD-7FE63BAC8BF2}
		{2D485F0D-60CB-4491-91CA-F581FC6DA73A} = {47CBC372-047B-4CA1-B9FD-7FE63BAC8BF2}
		{E622758E-FFF7-467E-8A8A-780DA9E8F273} = {C2B0BE45-EC0A-4A2C-B357-BF53EE699175}
		{C85D083F-E6DA-44CD-AA1B-53463B3054AA} = {003924DC-3308-4590-BA92-6080E42F4975}
		{8ECCE6CE-8C8E-4A92-88CB-618CC135B4F5} = {C2B0BE45-EC0A-4A2C-B357-BF53EE699175}
		{02E50D48-6E00-47AC-A86C-1AC486C11D57} = {C2B0BE45-EC0A-4A2C-B357-BF53EE699175}
		{6C8CCDB8-F000-4E3B-AD11-0E568115F4AF} = {7FF5803E-E83F-4438-A5CB-BEAB1E9F8993}
		{440A620A-AF7E-43D0-B0C0-DB826A825E10} = {7FF5803E-E83F-4438-A5CB-BEAB1E9F8993}
		{54CA2259-7B31-4A30-87EB-672EC3CE5C58} = {E1940514-02B5-4DA3-9CA4-04D6BCE7C8C6}
		{4555E342-D035-4067-AC42-8C138DE6E899} = {E1940514-02B5-4DA3-9CA4-04D6BCE7C8C6}
		{8CB0CEA3-3105-47F5-B915-6436CEC8B469} = {7FF5803E-E83F-4438-A5CB-BEAB1E9F8993}
		{1DA6EDA4-2833-4233-888A-73E27753EFA0} = {B405A835-4310-4C6A-9319-227296F70C79}
		{B559766B-4F77-4BD5-A6EF-55D660A961AA} = {B405A835-4310-4C6A-9319-227296F70C79}
	EndGlobalSection
	GlobalSection(ExtensibilityGlobals) = postSolution
		SolutionGuid = {DD7813DC-113A-42B0-AB45-847C73BE8079}
	EndGlobalSection
EndGlobal
